// !$*UTF8*$!
{
	archiveVersion = 1;
	classes = {
	};
	objectVersion = 51;
	objects = {

/* Begin PBXBuildFile section */
		0940A60F77AF64E53B55C531 /* Pods_Kaleidoscope.framework in Frameworks */ = {isa = PBXBuildFile; fileRef = A0D263793A764327D83EA3EC /* Pods_Kaleidoscope.framework */; };
		2BDF21C926C11FF1000DBEB2 /* KEMetalRendererView.m in Sources */ = {isa = PBXBuildFile; fileRef = 2BDF21C826C11FF1000DBEB2 /* KEMetalRendererView.m */; };
		4B34948F26BEC3C700D4259E /* AppDelegate.m in Sources */ = {isa = PBXBuildFile; fileRef = 4B34948E26BEC3C700D4259E /* AppDelegate.m */; };
		4B34949526BEC3C700D4259E /* KEBaseViewController.m in Sources */ = {isa = PBXBuildFile; fileRef = 4B34949426BEC3C700D4259E /* KEBaseViewController.m */; };
		4B34949826BEC3C700D4259E /* Main.storyboard in Resources */ = {isa = PBXBuildFile; fileRef = 4B34949626BEC3C700D4259E /* Main.storyboard */; };
		4B34949A26BEC3C800D4259E /* Assets.xcassets in Resources */ = {isa = PBXBuildFile; fileRef = 4B34949926BEC3C800D4259E /* Assets.xcassets */; };
		4B3494A026BEC3C800D4259E /* main.m in Sources */ = {isa = PBXBuildFile; fileRef = 4B34949F26BEC3C800D4259E /* main.m */; };
/* End PBXBuildFile section */

/* Begin PBXFileReference section */
		2BDF1CFF26C11688000DBEB2 /* KEMetalRendererView.h */ = {isa = PBXFileReference; lastKnownFileType = sourcecode.c.h; path = KEMetalRendererView.h; sourceTree = "<group>"; };
		2BDF21C826C11FF1000DBEB2 /* KEMetalRendererView.m */ = {isa = PBXFileReference; lastKnownFileType = sourcecode.c.objc; path = KEMetalRendererView.m; sourceTree = "<group>"; };
		4B34948A26BEC3C700D4259E /* Kaleidoscope.app */ = {isa = PBXFileReference; explicitFileType = wrapper.application; includeInIndex = 0; path = Kaleidoscope.app; sourceTree = BUILT_PRODUCTS_DIR; };
		4B34948D26BEC3C700D4259E /* AppDelegate.h */ = {isa = PBXFileReference; lastKnownFileType = sourcecode.c.h; path = AppDelegate.h; sourceTree = "<group>"; };
		4B34948E26BEC3C700D4259E /* AppDelegate.m */ = {isa = PBXFileReference; lastKnownFileType = sourcecode.c.objc; path = AppDelegate.m; sourceTree = "<group>"; };
		4B34949326BEC3C700D4259E /* KEBaseViewController.h */ = {isa = PBXFileReference; lastKnownFileType = sourcecode.c.h; path = KEBaseViewController.h; sourceTree = "<group>"; };
		4B34949426BEC3C700D4259E /* KEBaseViewController.m */ = {isa = PBXFileReference; lastKnownFileType = sourcecode.c.objc; path = KEBaseViewController.m; sourceTree = "<group>"; };
		4B34949726BEC3C700D4259E /* Base */ = {isa = PBXFileReference; lastKnownFileType = file.storyboard; name = Base; path = Base.lproj/Main.storyboard; sourceTree = "<group>"; };
		4B34949926BEC3C800D4259E /* Assets.xcassets */ = {isa = PBXFileReference; lastKnownFileType = folder.assetcatalog; path = Assets.xcassets; sourceTree = "<group>"; };
		4B34949E26BEC3C800D4259E /* Info.plist */ = {isa = PBXFileReference; lastKnownFileType = text.plist.xml; path = Info.plist; sourceTree = "<group>"; };
		4B34949F26BEC3C800D4259E /* main.m */ = {isa = PBXFileReference; lastKnownFileType = sourcecode.c.objc; path = main.m; sourceTree = "<group>"; };
		821EC66F8456859519B79391 /* Pods-Kaleidoscope.release.xcconfig */ = {isa = PBXFileReference; includeInIndex = 1; lastKnownFileType = text.xcconfig; name = "Pods-Kaleidoscope.release.xcconfig"; path = "Target Support Files/Pods-Kaleidoscope/Pods-Kaleidoscope.release.xcconfig"; sourceTree = "<group>"; };
		93103BFAFE13A6F18DACA536 /* Pods-Kaleidoscope.debug.xcconfig */ = {isa = PBXFileReference; includeInIndex = 1; lastKnownFileType = text.xcconfig; name = "Pods-Kaleidoscope.debug.xcconfig"; path = "Target Support Files/Pods-Kaleidoscope/Pods-Kaleidoscope.debug.xcconfig"; sourceTree = "<group>"; };
		A0D263793A764327D83EA3EC /* Pods_Kaleidoscope.framework */ = {isa = PBXFileReference; explicitFileType = wrapper.framework; includeInIndex = 0; path = Pods_Kaleidoscope.framework; sourceTree = BUILT_PRODUCTS_DIR; };
/* End PBXFileReference section */

/* Begin PBXFrameworksBuildPhase section */
		4B34948726BEC3C700D4259E /* Frameworks */ = {
			isa = PBXFrameworksBuildPhase;
			buildActionMask = 2147483647;
			files = (
				0940A60F77AF64E53B55C531 /* Pods_Kaleidoscope.framework in Frameworks */,
			);
			runOnlyForDeploymentPostprocessing = 0;
		};
/* End PBXFrameworksBuildPhase section */

/* Begin PBXGroup section */
		2BDF1CFC26C11449000DBEB2 /* Renderer */ = {
			isa = PBXGroup;
			children = (
				2BDF1CFF26C11688000DBEB2 /* KEMetalRendererView.h */,
				2BDF21C826C11FF1000DBEB2 /* KEMetalRendererView.m */,
			);
			path = Renderer;
			sourceTree = "<group>";
		};
		4B34948126BEC3C700D4259E = {
			isa = PBXGroup;
			children = (
				4B34948C26BEC3C700D4259E /* Kaleidoscope */,
				4B34948B26BEC3C700D4259E /* Products */,
				5A4572D12A4A781C05511451 /* Pods */,
				F2906958ECA65C9F0340953E /* Frameworks */,
			);
			sourceTree = "<group>";
		};
		4B34948B26BEC3C700D4259E /* Products */ = {
			isa = PBXGroup;
			children = (
				4B34948A26BEC3C700D4259E /* Kaleidoscope.app */,
			);
			name = Products;
			sourceTree = "<group>";
		};
		4B34948C26BEC3C700D4259E /* Kaleidoscope */ = {
			isa = PBXGroup;
			children = (
				4B3494A726BECE4800D4259E /* Application */,
				4B3494A826BECE6400D4259E /* Resources */,
				4B3494A626BEC5F200D4259E /* Supporting Files */,
				4B34948D26BEC3C700D4259E /* AppDelegate.h */,
				4B34948E26BEC3C700D4259E /* AppDelegate.m */,
			);
			path = Kaleidoscope;
			sourceTree = "<group>";
		};
		4B3494A626BEC5F200D4259E /* Supporting Files */ = {
			isa = PBXGroup;
			children = (
				4B34949E26BEC3C800D4259E /* Info.plist */,
				4B34949626BEC3C700D4259E /* Main.storyboard */,
				4B34949F26BEC3C800D4259E /* main.m */,
			);
			path = "Supporting Files";
			sourceTree = "<group>";
		};
		4B3494A726BECE4800D4259E /* Application */ = {
			isa = PBXGroup;
			children = (
				2BDF1CFC26C11449000DBEB2 /* Renderer */,
				4B34949326BEC3C700D4259E /* KEBaseViewController.h */,
				4B34949426BEC3C700D4259E /* KEBaseViewController.m */,
			);
			path = Application;
			sourceTree = "<group>";
		};
		4B3494A826BECE6400D4259E /* Resources */ = {
			isa = PBXGroup;
			children = (
				4B34949926BEC3C800D4259E /* Assets.xcassets */,
			);
			path = Resources;
			sourceTree = "<group>";
		};
		5A4572D12A4A781C05511451 /* Pods */ = {
			isa = PBXGroup;
			children = (
				93103BFAFE13A6F18DACA536 /* Pods-Kaleidoscope.debug.xcconfig */,
				821EC66F8456859519B79391 /* Pods-Kaleidoscope.release.xcconfig */,
			);
			path = Pods;
			sourceTree = "<group>";
		};
		F2906958ECA65C9F0340953E /* Frameworks */ = {
			isa = PBXGroup;
			children = (
				A0D263793A764327D83EA3EC /* Pods_Kaleidoscope.framework */,
			);
			name = Frameworks;
			sourceTree = "<group>";
		};
/* End PBXGroup section */

/* Begin PBXNativeTarget section */
		4B34948926BEC3C700D4259E /* Kaleidoscope */ = {
			isa = PBXNativeTarget;
			buildConfigurationList = 4B3494A326BEC3C800D4259E /* Build configuration list for PBXNativeTarget "Kaleidoscope" */;
			buildPhases = (
				AE4FFC0998A115240BD3BC17 /* [CP] Check Pods Manifest.lock */,
				4B34948626BEC3C700D4259E /* Sources */,
				4B34948726BEC3C700D4259E /* Frameworks */,
				4B34948826BEC3C700D4259E /* Resources */,
				135F6CB2520D401693F61FAA /* [CP] Embed Pods Frameworks */,
			);
			buildRules = (
			);
			dependencies = (
			);
			name = Kaleidoscope;
			productName = Kaleidoscope;
			productReference = 4B34948A26BEC3C700D4259E /* Kaleidoscope.app */;
			productType = "com.apple.product-type.application";
		};
/* End PBXNativeTarget section */

/* Begin PBXProject section */
		4B34948226BEC3C700D4259E /* Project object */ = {
			isa = PBXProject;
			attributes = {
				LastUpgradeCheck = 1250;
				TargetAttributes = {
					4B34948926BEC3C700D4259E = {
						CreatedOnToolsVersion = 12.5.1;
					};
				};
			};
			buildConfigurationList = 4B34948526BEC3C700D4259E /* Build configuration list for PBXProject "Kaleidoscope" */;
			compatibilityVersion = "Xcode 9.3";
			developmentRegion = en;
			hasScannedForEncodings = 0;
			knownRegions = (
				en,
				Base,
			);
			mainGroup = 4B34948126BEC3C700D4259E;
			productRefGroup = 4B34948B26BEC3C700D4259E /* Products */;
			projectDirPath = "";
			projectRoot = "";
			targets = (
				4B34948926BEC3C700D4259E /* Kaleidoscope */,
			);
		};
/* End PBXProject section */

/* Begin PBXResourcesBuildPhase section */
		4B34948826BEC3C700D4259E /* Resources */ = {
			isa = PBXResourcesBuildPhase;
			buildActionMask = 2147483647;
			files = (
				4B34949A26BEC3C800D4259E /* Assets.xcassets in Resources */,
				4B34949826BEC3C700D4259E /* Main.storyboard in Resources */,
			);
			runOnlyForDeploymentPostprocessing = 0;
		};
/* End PBXResourcesBuildPhase section */

/* Begin PBXShellScriptBuildPhase section */
		135F6CB2520D401693F61FAA /* [CP] Embed Pods Frameworks */ = {
			isa = PBXShellScriptBuildPhase;
			buildActionMask = 2147483647;
			files = (
			);
			inputFileListPaths = (
				"${PODS_ROOT}/Target Support Files/Pods-Kaleidoscope/Pods-Kaleidoscope-frameworks-${CONFIGURATION}-input-files.xcfilelist",
			);
			name = "[CP] Embed Pods Frameworks";
			outputFileListPaths = (
				"${PODS_ROOT}/Target Support Files/Pods-Kaleidoscope/Pods-Kaleidoscope-frameworks-${CONFIGURATION}-output-files.xcfilelist",
			);
			runOnlyForDeploymentPostprocessing = 0;
			shellPath = /bin/sh;
			shellScript = "\"${PODS_ROOT}/Target Support Files/Pods-Kaleidoscope/Pods-Kaleidoscope-frameworks.sh\"\n";
			showEnvVarsInLog = 0;
		};
		AE4FFC0998A115240BD3BC17 /* [CP] Check Pods Manifest.lock */ = {
			isa = PBXShellScriptBuildPhase;
			buildActionMask = 2147483647;
			files = (
			);
			inputFileListPaths = (
			);
			inputPaths = (
				"${PODS_PODFILE_DIR_PATH}/Podfile.lock",
				"${PODS_ROOT}/Manifest.lock",
			);
			name = "[CP] Check Pods Manifest.lock";
			outputFileListPaths = (
			);
			outputPaths = (
				"$(DERIVED_FILE_DIR)/Pods-Kaleidoscope-checkManifestLockResult.txt",
			);
			runOnlyForDeploymentPostprocessing = 0;
			shellPath = /bin/sh;
			shellScript = "diff \"${PODS_PODFILE_DIR_PATH}/Podfile.lock\" \"${PODS_ROOT}/Manifest.lock\" > /dev/null\nif [ $? != 0 ] ; then\n    # print error to STDERR\n    echo \"error: The sandbox is not in sync with the Podfile.lock. Run 'pod install' or update your CocoaPods installation.\" >&2\n    exit 1\nfi\n# This output is used by Xcode 'outputs' to avoid re-running this script phase.\necho \"SUCCESS\" > \"${SCRIPT_OUTPUT_FILE_0}\"\n";
			showEnvVarsInLog = 0;
		};
/* End PBXShellScriptBuildPhase section */

/* Begin PBXSourcesBuildPhase section */
		4B34948626BEC3C700D4259E /* Sources */ = {
			isa = PBXSourcesBuildPhase;
			buildActionMask = 2147483647;
			files = (
				4B34949526BEC3C700D4259E /* KEBaseViewController.m in Sources */,
				4B34948F26BEC3C700D4259E /* AppDelegate.m in Sources */,
				2BDF21C926C11FF1000DBEB2 /* KEMetalRendererView.m in Sources */,
				4B3494A026BEC3C800D4259E /* main.m in Sources */,
			);
			runOnlyForDeploymentPostprocessing = 0;
		};
/* End PBXSourcesBuildPhase section */

/* Begin PBXVariantGroup section */
		4B34949626BEC3C700D4259E /* Main.storyboard */ = {
			isa = PBXVariantGroup;
			children = (
				4B34949726BEC3C700D4259E /* Base */,
			);
			name = Main.storyboard;
			sourceTree = "<group>";
		};
/* End PBXVariantGroup section */

/* Begin XCBuildConfiguration section */
		4B3494A126BEC3C800D4259E /* Debug */ = {
			isa = XCBuildConfiguration;
			buildSettings = {
				ALWAYS_SEARCH_USER_PATHS = NO;
				CLANG_ANALYZER_NONNULL = YES;
				CLANG_ANALYZER_NUMBER_OBJECT_CONVERSION = YES_AGGRESSIVE;
				CLANG_CXX_LANGUAGE_STANDARD = "gnu++14";
				CLANG_CXX_LIBRARY = "libc++";
				CLANG_ENABLE_MODULES = YES;
				CLANG_ENABLE_OBJC_ARC = YES;
				CLANG_ENABLE_OBJC_WEAK = YES;
				CLANG_WARN_BLOCK_CAPTURE_AUTORELEASING = YES;
				CLANG_WARN_BOOL_CONVERSION = YES;
				CLANG_WARN_COMMA = YES;
				CLANG_WARN_CONSTANT_CONVERSION = YES;
				CLANG_WARN_DEPRECATED_OBJC_IMPLEMENTATIONS = YES;
				CLANG_WARN_DIRECT_OBJC_ISA_USAGE = YES_ERROR;
				CLANG_WARN_DOCUMENTATION_COMMENTS = YES;
				CLANG_WARN_EMPTY_BODY = YES;
				CLANG_WARN_ENUM_CONVERSION = YES;
				CLANG_WARN_INFINITE_RECURSION = YES;
				CLANG_WARN_INT_CONVERSION = YES;
				CLANG_WARN_NON_LITERAL_NULL_CONVERSION = YES;
				CLANG_WARN_OBJC_IMPLICIT_RETAIN_SELF = YES;
				CLANG_WARN_OBJC_LITERAL_CONVERSION = YES;
				CLANG_WARN_OBJC_ROOT_CLASS = YES_ERROR;
				CLANG_WARN_QUOTED_INCLUDE_IN_FRAMEWORK_HEADER = YES;
				CLANG_WARN_RANGE_LOOP_ANALYSIS = YES;
				CLANG_WARN_STRICT_PROTOTYPES = YES;
				CLANG_WARN_SUSPICIOUS_MOVE = YES;
				CLANG_WARN_UNGUARDED_AVAILABILITY = YES_AGGRESSIVE;
				CLANG_WARN_UNREACHABLE_CODE = YES;
				CLANG_WARN__DUPLICATE_METHOD_MATCH = YES;
				COPY_PHASE_STRIP = NO;
				DEBUG_INFORMATION_FORMAT = dwarf;
				ENABLE_STRICT_OBJC_MSGSEND = YES;
				ENABLE_TESTABILITY = YES;
				GCC_C_LANGUAGE_STANDARD = gnu11;
				GCC_DYNAMIC_NO_PIC = NO;
				GCC_NO_COMMON_BLOCKS = YES;
				GCC_OPTIMIZATION_LEVEL = 0;
				GCC_PREPROCESSOR_DEFINITIONS = (
					"DEBUG=1",
					"$(inherited)",
				);
				GCC_WARN_64_TO_32_BIT_CONVERSION = YES;
				GCC_WARN_ABOUT_RETURN_TYPE = YES_ERROR;
				GCC_WARN_UNDECLARED_SELECTOR = YES;
				GCC_WARN_UNINITIALIZED_AUTOS = YES_AGGRESSIVE;
				GCC_WARN_UNUSED_FUNCTION = YES;
				GCC_WARN_UNUSED_VARIABLE = YES;
				IPHONEOS_DEPLOYMENT_TARGET = 11.0;
				MTL_ENABLE_DEBUG_INFO = INCLUDE_SOURCE;
				MTL_FAST_MATH = YES;
				ONLY_ACTIVE_ARCH = YES;
				SDKROOT = iphoneos;
			};
			name = Debug;
		};
		4B3494A226BEC3C800D4259E /* Release */ = {
			isa = XCBuildConfiguration;
			buildSettings = {
				ALWAYS_SEARCH_USER_PATHS = NO;
				CLANG_ANALYZER_NONNULL = YES;
				CLANG_ANALYZER_NUMBER_OBJECT_CONVERSION = YES_AGGRESSIVE;
				CLANG_CXX_LANGUAGE_STANDARD = "gnu++14";
				CLANG_CXX_LIBRARY = "libc++";
				CLANG_ENABLE_MODULES = YES;
				CLANG_ENABLE_OBJC_ARC = YES;
				CLANG_ENABLE_OBJC_WEAK = YES;
				CLANG_WARN_BLOCK_CAPTURE_AUTORELEASING = YES;
				CLANG_WARN_BOOL_CONVERSION = YES;
				CLANG_WARN_COMMA = YES;
				CLANG_WARN_CONSTANT_CONVERSION = YES;
				CLANG_WARN_DEPRECATED_OBJC_IMPLEMENTATIONS = YES;
				CLANG_WARN_DIRECT_OBJC_ISA_USAGE = YES_ERROR;
				CLANG_WARN_DOCUMENTATION_COMMENTS = YES;
				CLANG_WARN_EMPTY_BODY = YES;
				CLANG_WARN_ENUM_CONVERSION = YES;
				CLANG_WARN_INFINITE_RECURSION = YES;
				CLANG_WARN_INT_CONVERSION = YES;
				CLANG_WARN_NON_LITERAL_NULL_CONVERSION = YES;
				CLANG_WARN_OBJC_IMPLICIT_RETAIN_SELF = YES;
				CLANG_WARN_OBJC_LITERAL_CONVERSION = YES;
				CLANG_WARN_OBJC_ROOT_CLASS = YES_ERROR;
				CLANG_WARN_QUOTED_INCLUDE_IN_FRAMEWORK_HEADER = YES;
				CLANG_WARN_RANGE_LOOP_ANALYSIS = YES;
				CLANG_WARN_STRICT_PROTOTYPES = YES;
				CLANG_WARN_SUSPICIOUS_MOVE = YES;
				CLANG_WARN_UNGUARDED_AVAILABILITY = YES_AGGRESSIVE;
				CLANG_WARN_UNREACHABLE_CODE = YES;
				CLANG_WARN__DUPLICATE_METHOD_MATCH = YES;
				COPY_PHASE_STRIP = NO;
				DEBUG_INFORMATION_FORMAT = "dwarf-with-dsym";
				ENABLE_NS_ASSERTIONS = NO;
				ENABLE_STRICT_OBJC_MSGSEND = YES;
				GCC_C_LANGUAGE_STANDARD = gnu11;
				GCC_NO_COMMON_BLOCKS = YES;
				GCC_WARN_64_TO_32_BIT_CONVERSION = YES;
				GCC_WARN_ABOUT_RETURN_TYPE = YES_ERROR;
				GCC_WARN_UNDECLARED_SELECTOR = YES;
				GCC_WARN_UNINITIALIZED_AUTOS = YES_AGGRESSIVE;
				GCC_WARN_UNUSED_FUNCTION = YES;
				GCC_WARN_UNUSED_VARIABLE = YES;
				IPHONEOS_DEPLOYMENT_TARGET = 11.0;
				MTL_ENABLE_DEBUG_INFO = NO;
				MTL_FAST_MATH = YES;
				SDKROOT = iphoneos;
				VALIDATE_PRODUCT = YES;
			};
			name = Release;
		};
		4B3494A426BEC3C800D4259E /* Debug */ = {
			isa = XCBuildConfiguration;
			baseConfigurationReference = 93103BFAFE13A6F18DACA536 /* Pods-Kaleidoscope.debug.xcconfig */;
			buildSettings = {
				ASSETCATALOG_COMPILER_APPICON_NAME = AppIcon;
				ASSETCATALOG_COMPILER_GLOBAL_ACCENT_COLOR_NAME = AccentColor;
				CODE_SIGN_STYLE = Automatic;
				DEVELOPMENT_TEAM = 528YBB47D8;
				INFOPLIST_FILE = "Kaleidoscope/Supporting Files/Info.plist";
				LD_RUNPATH_SEARCH_PATHS = (
					"$(inherited)",
					"@executable_path/Frameworks",
				);
				PRODUCT_BUNDLE_IDENTIFIER = com.crowfea.Kaleidoscope;
				PRODUCT_NAME = "$(TARGET_NAME)";
				TARGETED_DEVICE_FAMILY = "1,2";
			};
			name = Debug;
		};
		4B3494A526BEC3C800D4259E /* Release */ = {
			isa = XCBuildConfiguration;
			baseConfigurationReference = 821EC66F8456859519B79391 /* Pods-Kaleidoscope.release.xcconfig */;
			buildSettings = {
				ASSETCATALOG_COMPILER_APPICON_NAME = AppIcon;
				ASSETCATALOG_COMPILER_GLOBAL_ACCENT_COLOR_NAME = AccentColor;
				CODE_SIGN_STYLE = Automatic;
				DEVELOPMENT_TEAM = 528YBB47D8;
				INFOPLIST_FILE = "Kaleidoscope/Supporting Files/Info.plist";
				LD_RUNPATH_SEARCH_PATHS = (
					"$(inherited)",
					"@executable_path/Frameworks",
				);
				PRODUCT_BUNDLE_IDENTIFIER = com.crowfea.Kaleidoscope;
				PRODUCT_NAME = "$(TARGET_NAME)";
				TARGETED_DEVICE_FAMILY = "1,2";
			};
			name = Release;
		};
/* End XCBuildConfiguration section */

/* Begin XCConfigurationList section */
		4B34948526BEC3C700D4259E /* Build configuration list for PBXProject "Kaleidoscope" */ = {
			isa = XCConfigurationList;
			buildConfigurations = (
				4B3494A126BEC3C800D4259E /* Debug */,
				4B3494A226BEC3C800D4259E /* Release */,
			);
			defaultConfigurationIsVisible = 0;
			defaultConfigurationName = Release;
		};
		4B3494A326BEC3C800D4259E /* Build configuration list for PBXNativeTarget "Kaleidoscope" */ = {
			isa = XCConfigurationList;
			buildConfigurations = (
				4B3494A426BEC3C800D4259E /* Debug */,
				4B3494A526BEC3C800D4259E /* Release */,
			);
			defaultConfigurationIsVisible = 0;
			defaultConfigurationName = Release;
		};
/* End XCConfigurationList section */
	};
	rootObject = 4B34948226BEC3C700D4259E /* Project object */;
}
